// !$*UTF8*$!
{
	archiveVersion = 1;
	classes = {
	};
	objectVersion = 46;
	objects = {

/* Begin PBXBuildFile section */
		144810861AC387F000F26321 /* main.m in Sources */ = {isa = PBXBuildFile; fileRef = 144810851AC387F000F26321 /* main.m */; };
		144810891AC387F000F26321 /* AppDelegate.m in Sources */ = {isa = PBXBuildFile; fileRef = 144810881AC387F000F26321 /* AppDelegate.m */; };
		1448108F1AC387F000F26321 /* Main.storyboard in Resources */ = {isa = PBXBuildFile; fileRef = 1448108D1AC387F000F26321 /* Main.storyboard */; };
		144810911AC387F000F26321 /* Images.xcassets in Resources */ = {isa = PBXBuildFile; fileRef = 144810901AC387F000F26321 /* Images.xcassets */; };
		144810941AC387F000F26321 /* LaunchScreen.xib in Resources */ = {isa = PBXBuildFile; fileRef = 144810921AC387F000F26321 /* LaunchScreen.xib */; };
		144810A01AC387F000F26321 /* ZaHunterTwoPointOhTests.m in Sources */ = {isa = PBXBuildFile; fileRef = 1448109F1AC387F000F26321 /* ZaHunterTwoPointOhTests.m */; };
		144810AB1AC3881C00F26321 /* TableViewController.m in Sources */ = {isa = PBXBuildFile; fileRef = 144810AA1AC3881C00F26321 /* TableViewController.m */; };
		144810AD1AC3883900F26321 /* CoreLocation.framework in Frameworks */ = {isa = PBXBuildFile; fileRef = 144810AC1AC3883900F26321 /* CoreLocation.framework */; };
/* End PBXBuildFile section */

/* Begin PBXContainerItemProxy section */
		1448109A1AC387F000F26321 /* PBXContainerItemProxy */ = {
			isa = PBXContainerItemProxy;
			containerPortal = 144810781AC387F000F26321 /* Project object */;
			proxyType = 1;
			remoteGlobalIDString = 1448107F1AC387F000F26321;
			remoteInfo = ZaHunterTwoPointOh;
		};
/* End PBXContainerItemProxy section */

/* Begin PBXFileReference section */
		144810801AC387F000F26321 /* ZaHunterTwoPointOh.app */ = {isa = PBXFileReference; explicitFileType = wrapper.application; includeInIndex = 0; path = ZaHunterTwoPointOh.app; sourceTree = BUILT_PRODUCTS_DIR; };
		144810841AC387F000F26321 /* Info.plist */ = {isa = PBXFileReference; lastKnownFileType = text.plist.xml; path = Info.plist; sourceTree = "<group>"; };
		144810851AC387F000F26321 /* main.m */ = {isa = PBXFileReference; lastKnownFileType = sourcecode.c.objc; path = main.m; sourceTree = "<group>"; };
		144810871AC387F000F26321 /* AppDelegate.h */ = {isa = PBXFileReference; lastKnownFileType = sourcecode.c.h; path = AppDelegate.h; sourceTree = "<group>"; };
		144810881AC387F000F26321 /* AppDelegate.m */ = {isa = PBXFileReference; lastKnownFileType = sourcecode.c.objc; path = AppDelegate.m; sourceTree = "<group>"; };
		1448108E1AC387F000F26321 /* Base */ = {isa = PBXFileReference; lastKnownFileType = file.storyboard; name = Base; path = Base.lproj/Main.storyboard; sourceTree = "<group>"; };
		144810901AC387F000F26321 /* Images.xcassets */ = {isa = PBXFileReference; lastKnownFileType = folder.assetcatalog; path = Images.xcassets; sourceTree = "<group>"; };
		144810931AC387F000F26321 /* Base */ = {isa = PBXFileReference; lastKnownFileType = file.xib; name = Base; path = Base.lproj/LaunchScreen.xib; sourceTree = "<group>"; };
		144810991AC387F000F26321 /* ZaHunterTwoPointOhTests.xctest */ = {isa = PBXFileReference; explicitFileType = wrapper.cfbundle; includeInIndex = 0; path = ZaHunterTwoPointOhTests.xctest; sourceTree = BUILT_PRODUCTS_DIR; };
		1448109E1AC387F000F26321 /* Info.plist */ = {isa = PBXFileReference; lastKnownFileType = text.plist.xml; path = Info.plist; sourceTree = "<group>"; };
		1448109F1AC387F000F26321 /* ZaHunterTwoPointOhTests.m */ = {isa = PBXFileReference; lastKnownFileType = sourcecode.c.objc; path = ZaHunterTwoPointOhTests.m; sourceTree = "<group>"; };
		144810A91AC3881C00F26321 /* TableViewController.h */ = {isa = PBXFileReference; fileEncoding = 4; lastKnownFileType = sourcecode.c.h; path = TableViewController.h; sourceTree = "<group>"; };
		144810AA1AC3881C00F26321 /* TableViewController.m */ = {isa = PBXFileReference; fileEncoding = 4; lastKnownFileType = sourcecode.c.objc; path = TableViewController.m; sourceTree = "<group>"; };
		144810AC1AC3883900F26321 /* CoreLocation.framework */ = {isa = PBXFileReference; lastKnownFileType = wrapper.framework; name = CoreLocation.framework; path = System/Library/Frameworks/CoreLocation.framework; sourceTree = SDKROOT; };
/* End PBXFileReference section */

/* Begin PBXFrameworksBuildPhase section */
		1448107D1AC387F000F26321 /* Frameworks */ = {
			isa = PBXFrameworksBuildPhase;
			buildActionMask = 2147483647;
			files = (
				144810AD1AC3883900F26321 /* CoreLocation.framework in Frameworks */,
			);
			runOnlyForDeploymentPostprocessing = 0;
		};
		144810961AC387F000F26321 /* Frameworks */ = {
			isa = PBXFrameworksBuildPhase;
			buildActionMask = 2147483647;
			files = (
			);
			runOnlyForDeploymentPostprocessing = 0;
		};
/* End PBXFrameworksBuildPhase section */

/* Begin PBXGroup section */
		144810771AC387F000F26321 = {
			isa = PBXGroup;
			children = (
				144810AC1AC3883900F26321 /* CoreLocation.framework */,
				144810821AC387F000F26321 /* ZaHunterTwoPointOh */,
				1448109C1AC387F000F26321 /* ZaHunterTwoPointOhTests */,
				144810811AC387F000F26321 /* Products */,
			);
			sourceTree = "<group>";
		};
		144810811AC387F000F26321 /* Products */ = {
			isa = PBXGroup;
			children = (
				144810801AC387F000F26321 /* ZaHunterTwoPointOh.app */,
				144810991AC387F000F26321 /* ZaHunterTwoPointOhTests.xctest */,
			);
			name = Products;
			sourceTree = "<group>";
		};
		144810821AC387F000F26321 /* ZaHunterTwoPointOh */ = {
			isa = PBXGroup;
			children = (
				144810871AC387F000F26321 /* AppDelegate.h */,
				144810881AC387F000F26321 /* AppDelegate.m */,
				144810A91AC3881C00F26321 /* TableViewController.h */,
				144810AA1AC3881C00F26321 /* TableViewController.m */,
				1448108D1AC387F000F26321 /* Main.storyboard */,
				144810901AC387F000F26321 /* Images.xcassets */,
				144810921AC387F000F26321 /* LaunchScreen.xib */,
				144810831AC387F000F26321 /* Supporting Files */,
			);
			path = ZaHunterTwoPointOh;
			sourceTree = "<group>";
		};
		144810831AC387F000F26321 /* Supporting Files */ = {
			isa = PBXGroup;
			children = (
				144810841AC387F000F26321 /* Info.plist */,
				144810851AC387F000F26321 /* main.m */,
			);
			name = "Supporting Files";
			sourceTree = "<group>";
		};
		1448109C1AC387F000F26321 /* ZaHunterTwoPointOhTests */ = {
			isa = PBXGroup;
			children = (
				1448109F1AC387F000F26321 /* ZaHunterTwoPointOhTests.m */,
				1448109D1AC387F000F26321 /* Supporting Files */,
			);
			path = ZaHunterTwoPointOhTests;
			sourceTree = "<group>";
		};
		1448109D1AC387F000F26321 /* Supporting Files */ = {
			isa = PBXGroup;
			children = (
				1448109E1AC387F000F26321 /* Info.plist */,
			);
			name = "Supporting Files";
			sourceTree = "<group>";
		};
/* End PBXGroup section */

/* Begin PBXNativeTarget section */
		1448107F1AC387F000F26321 /* ZaHunterTwoPointOh */ = {
			isa = PBXNativeTarget;
			buildConfigurationList = 144810A31AC387F100F26321 /* Build configuration list for PBXNativeTarget "ZaHunterTwoPointOh" */;
			buildPhases = (
				1448107C1AC387F000F26321 /* Sources */,
				1448107D1AC387F000F26321 /* Frameworks */,
				1448107E1AC387F000F26321 /* Resources */,
			);
			buildRules = (
			);
			dependencies = (
			);
			name = ZaHunterTwoPointOh;
			productName = ZaHunterTwoPointOh;
			productReference = 144810801AC387F000F26321 /* ZaHunterTwoPointOh.app */;
			productType = "com.apple.product-type.application";
		};
		144810981AC387F000F26321 /* ZaHunterTwoPointOhTests */ = {
			isa = PBXNativeTarget;
			buildConfigurationList = 144810A61AC387F100F26321 /* Build configuration list for PBXNativeTarget "ZaHunterTwoPointOhTests" */;
			buildPhases = (
				144810951AC387F000F26321 /* Sources */,
				144810961AC387F000F26321 /* Frameworks */,
				144810971AC387F000F26321 /* Resources */,
			);
			buildRules = (
			);
			dependencies = (
				1448109B1AC387F000F26321 /* PBXTargetDependency */,
			);
			name = ZaHunterTwoPointOhTests;
			productName = ZaHunterTwoPointOhTests;
			productReference = 144810991AC387F000F26321 /* ZaHunterTwoPointOhTests.xctest */;
			productType = "com.apple.product-type.bundle.unit-test";
		};
/* End PBXNativeTarget section */

/* Begin PBXProject section */
		144810781AC387F000F26321 /* Project object */ = {
			isa = PBXProject;
			attributes = {
				LastUpgradeCheck = 0620;
				ORGANIZATIONNAME = "Jen Kelley";
				TargetAttributes = {
					1448107F1AC387F000F26321 = {
						CreatedOnToolsVersion = 6.2;
					};
					144810981AC387F000F26321 = {
						CreatedOnToolsVersion = 6.2;
						TestTargetID = 1448107F1AC387F000F26321;
					};
				};
			};
			buildConfigurationList = 1448107B1AC387F000F26321 /* Build configuration list for PBXProject "ZaHunterTwoPointOh" */;
			compatibilityVersion = "Xcode 3.2";
			developmentRegion = English;
			hasScannedForEncodings = 0;
			knownRegions = (
				en,
				Base,
			);
			mainGroup = 144810771AC387F000F26321;
			productRefGroup = 144810811AC387F000F26321 /* Products */;
			projectDirPath = "";
			projectRoot = "";
			targets = (
				1448107F1AC387F000F26321 /* ZaHunterTwoPointOh */,
				144810981AC387F000F26321 /* ZaHunterTwoPointOhTests */,
			);
		};
/* End PBXProject section */

/* Begin PBXResourcesBuildPhase section */
		1448107E1AC387F000F26321 /* Resources */ = {
			isa = PBXResourcesBuildPhase;
			buildActionMask = 2147483647;
			files = (
				1448108F1AC387F000F26321 /* Main.storyboard in Resources */,
				144810941AC387F000F26321 /* LaunchScreen.xib in Resources */,
				144810911AC387F000F26321 /* Images.xcassets in Resources */,
			);
			runOnlyForDeploymentPostprocessing = 0;
		};
		144810971AC387F000F26321 /* Resources */ = {
			isa = PBXResourcesBuildPhase;
			buildActionMask = 2147483647;
			files = (
			);
			runOnlyForDeploymentPostprocessing = 0;
		};
/* End PBXResourcesBuildPhase section */

/* Begin PBXSourcesBuildPhase section */
		1448107C1AC387F000F26321 /* Sources */ = {
			isa = PBXSourcesBuildPhase;
			buildActionMask = 2147483647;
			files = (
				144810891AC387F000F26321 /* AppDelegate.m in Sources */,
				144810AB1AC3881C00F26321 /* TableViewController.m in Sources */,
				144810861AC387F000F26321 /* main.m in Sources */,
			);
			runOnlyForDeploymentPostprocessing = 0;
		};
		144810951AC387F000F26321 /* Sources */ = {
			isa = PBXSourcesBuildPhase;
			buildActionMask = 2147483647;
			files = (
				144810A01AC387F000F26321 /* ZaHunterTwoPointOhTests.m in Sources */,
			);
			runOnlyForDeploymentPostprocessing = 0;
		};
/* End PBXSourcesBuildPhase section */

/* Begin PBXTargetDependency section */
		1448109B1AC387F000F26321 /* PBXTargetDependency */ = {
			isa = PBXTargetDependency;
			target = 1448107F1AC387F000F26321 /* ZaHunterTwoPointOh */;
			targetProxy = 1448109A1AC387F000F26321 /* PBXContainerItemProxy */;
		};
/* End PBXTargetDependency section */

/* Begin PBXVariantGroup section */
		1448108D1AC387F000F26321 /* Main.storyboard */ = {
			isa = PBXVariantGroup;
			children = (
				1448108E1AC387F000F26321 /* Base */,
			);
			name = Main.storyboard;
			sourceTree = "<group>";
		};
		144810921AC387F000F26321 /* LaunchScreen.xib */ = {
			isa = PBXVariantGroup;
			children = (
				144810931AC387F000F26321 /* Base */,
			);
			name = LaunchScreen.xib;
			sourceTree = "<group>";
		};
/* End PBXVariantGroup section */

/* Begin XCBuildConfiguration section */
		144810A11AC387F000F26321 /* Debug */ = {
			isa = XCBuildConfiguration;
			buildSettings = {
				ALWAYS_SEARCH_USER_PATHS = NO;
				CLANG_CXX_LANGUAGE_STANDARD = "gnu++0x";
				CLANG_CXX_LIBRARY = "libc++";
				CLANG_ENABLE_MODULES = YES;
				CLANG_ENABLE_OBJC_ARC = YES;
				CLANG_WARN_BOOL_CONVERSION = YES;
				CLANG_WARN_CONSTANT_CONVERSION = YES;
				CLANG_WARN_DIRECT_OBJC_ISA_USAGE = YES_ERROR;
				CLANG_WARN_EMPTY_BODY = YES;
				CLANG_WARN_ENUM_CONVERSION = YES;
				CLANG_WARN_INT_CONVERSION = YES;
				CLANG_WARN_OBJC_ROOT_CLASS = YES_ERROR;
				CLANG_WARN_UNREACHABLE_CODE = YES;
				CLANG_WARN__DUPLICATE_METHOD_MATCH = YES;
				"CODE_SIGN_IDENTITY[sdk=iphoneos*]" = "iPhone Developer";
				COPY_PHASE_STRIP = NO;
				ENABLE_STRICT_OBJC_MSGSEND = YES;
				GCC_C_LANGUAGE_STANDARD = gnu99;
				GCC_DYNAMIC_NO_PIC = NO;
				GCC_OPTIMIZATION_LEVEL = 0;
				GCC_PREPROCESSOR_DEFINITIONS = (
					"DEBUG=1",
					"$(inherited)",
				);
				GCC_SYMBOLS_PRIVATE_EXTERN = NO;
				GCC_WARN_64_TO_32_BIT_CONVERSION = YES;
				GCC_WARN_ABOUT_RETURN_TYPE = YES_ERROR;
				GCC_WARN_UNDECLARED_SELECTOR = YES;
				GCC_WARN_UNINITIALIZED_AUTOS = YES_AGGRESSIVE;
				GCC_WARN_UNUSED_FUNCTION = YES;
				GCC_WARN_UNUSED_VARIABLE = YES;
				IPHONEOS_DEPLOYMENT_TARGET = 8.2;
				MTL_ENABLE_DEBUG_INFO = YES;
				ONLY_ACTIVE_ARCH = YES;
				SDKROOT = iphoneos;
			};
			name = Debug;
		};
		144810A21AC387F000F26321 /* Release */ = {
			isa = XCBuildConfiguration;
			buildSettings = {
				ALWAYS_SEARCH_USER_PATHS = NO;
				CLANG_CXX_LANGUAGE_STANDARD = "gnu++0x";
				CLANG_CXX_LIBRARY = "libc++";
				CLANG_ENABLE_MODULES = YES;
				CLANG_ENABLE_OBJC_ARC = YES;
				CLANG_WARN_BOOL_CONVERSION = YES;
				CLANG_WARN_CONSTANT_CONVERSION = YES;
				CLANG_WARN_DIRECT_OBJC_ISA_USAGE = YES_ERROR;
				CLANG_WARN_EMPTY_BODY = YES;
				CLANG_WARN_ENUM_CONVERSION = YES;
				CLANG_WARN_INT_CONVERSION = YES;
				CLANG_WARN_OBJC_ROOT_CLASS = YES_ERROR;
				CLANG_WARN_UNREACHABLE_CODE = YES;
				CLANG_WARN__DUPLICATE_METHOD_MATCH = YES;
				"CODE_SIGN_IDENTITY[sdk=iphoneos*]" = "iPhone Developer";
				COPY_PHASE_STRIP = NO;
				ENABLE_NS_ASSERTIONS = NO;
				ENABLE_STRICT_OBJC_MSGSEND = YES;
				GCC_C_LANGUAGE_STANDARD = gnu99;
				GCC_WARN_64_TO_32_BIT_CONVERSION = YES;
				GCC_WARN_ABOUT_RETURN_TYPE = YES_ERROR;
				GCC_WARN_UNDECLARED_SELECTOR = YES;
				GCC_WARN_UNINITIALIZED_AUTOS = YES_AGGRESSIVE;
				GCC_WARN_UNUSED_FUNCTION = YES;
				GCC_WARN_UNUSED_VARIABLE = YES;
				IPHONEOS_DEPLOYMENT_TARGET = 8.2;
				MTL_ENABLE_DEBUG_INFO = NO;
				SDKROOT = iphoneos;
				VALIDATE_PRODUCT = YES;
			};
			name = Release;
		};
		144810A41AC387F100F26321 /* Debug */ = {
			isa = XCBuildConfiguration;
			buildSettings = {
				ASSETCATALOG_COMPILER_APPICON_NAME = AppIcon;
				INFOPLIST_FILE = ZaHunterTwoPointOh/Info.plist;
				LD_RUNPATH_SEARCH_PATHS = "$(inherited) @executable_path/Frameworks";
				PRODUCT_NAME = "$(TARGET_NAME)";
			};
			name = Debug;
		};
		144810A51AC387F100F26321 /* Release */ = {
			isa = XCBuildConfiguration;
			buildSettings = {
				ASSETCATALOG_COMPILER_APPICON_NAME = AppIcon;
				INFOPLIST_FILE = ZaHunterTwoPointOh/Info.plist;
				LD_RUNPATH_SEARCH_PATHS = "$(inherited) @executable_path/Frameworks";
				PRODUCT_NAME = "$(TARGET_NAME)";
			};
			name = Release;
		};
		144810A71AC387F100F26321 /* Debug */ = {
			isa = XCBuildConfiguration;
			buildSettings = {
				BUNDLE_LOADER = "$(TEST_HOST)";
				FRAMEWORK_SEARCH_PATHS = (
					"$(SDKROOT)/Developer/Library/Frameworks",
					"$(inherited)",
				);
				GCC_PREPROCESSOR_DEFINITIONS = (
					"DEBUG=1",
					"$(inherited)",
				);
				INFOPLIST_FILE = ZaHunterTwoPointOhTests/Info.plist;
				LD_RUNPATH_SEARCH_PATHS = "$(inherited) @executable_path/Frameworks @loader_path/Frameworks";
				PRODUCT_NAME = "$(TARGET_NAME)";
				TEST_HOST = "$(BUILT_PRODUCTS_DIR)/ZaHunterTwoPointOh.app/ZaHunterTwoPointOh";
			};
			name = Debug;
		};
		144810A81AC387F100F26321 /* Release */ = {
			isa = XCBuildConfiguration;
			buildSettings = {
				BUNDLE_LOADER = "$(TEST_HOST)";
				FRAMEWORK_SEARCH_PATHS = (
					"$(SDKROOT)/Developer/Library/Frameworks",
					"$(inherited)",
				);
				INFOPLIST_FILE = ZaHunterTwoPointOhTests/Info.plist;
				LD_RUNPATH_SEARCH_PATHS = "$(inherited) @executable_path/Frameworks @loader_path/Frameworks";
				PRODUCT_NAME = "$(TARGET_NAME)";
				TEST_HOST = "$(BUILT_PRODUCTS_DIR)/ZaHunterTwoPointOh.app/ZaHunterTwoPointOh";
			};
			name = Release;
		};
/* End XCBuildConfiguration section */

/* Begin XCConfigurationList section */
		1448107B1AC387F000F26321 /* Build configuration list for PBXProject "ZaHunterTwoPointOh" */ = {
			isa = XCConfigurationList;
			buildConfigurations = (
				144810A11AC387F000F26321 /* Debug */,
				144810A21AC387F000F26321 /* Release */,
			);
			defaultConfigurationIsVisible = 0;
			defaultConfigurationName = Release;
		};
		144810A31AC387F100F26321 /* Build configuration list for PBXNativeTarget "ZaHunterTwoPointOh" */ = {
			isa = XCConfigurationList;
			buildConfigurations = (
				144810A41AC387F100F26321 /* Debug */,
				144810A51AC387F100F26321 /* Release */,
			);
			defaultConfigurationIsVisible = 0;
		};
		144810A61AC387F100F26321 /* Build configuration list for PBXNativeTarget "ZaHunterTwoPointOhTests" */ = {
			isa = XCConfigurationList;
			buildConfigurations = (
				144810A71AC387F100F26321 /* Debug */,
				144810A81AC387F100F26321 /* Release */,
			);
			defaultConfigurationIsVisible = 0;
		};
/* End XCConfigurationList section */
	};
	rootObject = 144810781AC387F000F26321 /* Project object */;
}
